
Microsoft Visual Studio Solution File, Format Version 12.00
# Visual Studio 2013
VisualStudioVersion = 12.0.21005.1
MinimumVisualStudioVersion = 10.0.40219.1
Project("{FAE04EC0-301F-11D3-BF4B-00C04F79EFBC}") = "Assembly-CSharp", "Assembly-CSharp.csproj", "{5E0BCBB8-AA8C-469A-8AD4-856F0FF61FB9}"
EndProject
Project("{FAE04EC0-301F-11D3-BF4B-00C04F79EFBC}") = "Assembly-CSharp-firstpass", "Assembly-CSharp-firstpass.csproj", "{D8A88DF3-639E-4BA7-8D8E-B3066C2552EF}"
EndProject
Global
	GlobalSection(SolutionConfigurationPlatforms) = preSolution
		Debug|Any CPU = Debug|Any CPU
		Release|Any CPU = Release|Any CPU
	EndGlobalSection
	GlobalSection(ProjectConfigurationPlatforms) = postSolution
		{5E0BCBB8-AA8C-469A-8AD4-856F0FF61FB9}.Debug|Any CPU.ActiveCfg = Debug|Any CPU
		{5E0BCBB8-AA8C-469A-8AD4-856F0FF61FB9}.Debug|Any CPU.Build.0 = Debug|Any CPU
		{5E0BCBB8-AA8C-469A-8AD4-856F0FF61FB9}.Release|Any CPU.ActiveCfg = Release|Any CPU
		{5E0BCBB8-AA8C-469A-8AD4-856F0FF61FB9}.Release|Any CPU.Build.0 = Release|Any CPU
		{D8A88DF3-639E-4BA7-8D8E-B3066C2552EF}.Debug|Any CPU.ActiveCfg = Debug|Any CPU
		{D8A88DF3-639E-4BA7-8D8E-B3066C2552EF}.Debug|Any CPU.Build.0 = Debug|Any CPU
		{D8A88DF3-639E-4BA7-8D8E-B3066C2552EF}.Release|Any CPU.ActiveCfg = Release|Any CPU
		{D8A88DF3-639E-4BA7-8D8E-B3066C2552EF}.Release|Any CPU.Build.0 = Release|Any CPU
	EndGlobalSection
	GlobalSection(SolutionProperties) = preSolution
		HideSolutionNode = FALSE
	EndGlobalSection
EndGlobal
